
Microsoft Visual Studio Solution File, Format Version 12.00
# Visual Studio Version 16
VisualStudioVersion = 16.0.29326.143
MinimumVisualStudioVersion = 10.0.40219.1
Project("{FAE04EC0-301F-11D3-BF4B-00C04F79EFBC}") = "RestuaruntApp", "RestuaruntApp.csproj", "{232F840E-6C48-4782-9DCC-0A5BC025F235}"
EndProject
Global
	GlobalSection(SolutionConfigurationPlatforms) = preSolution
		Debug|Any CPU = Debug|Any CPU
		Release|Any CPU = Release|Any CPU
	EndGlobalSection
	GlobalSection(ProjectConfigurationPlatforms) = postSolution
		{232F840E-6C48-4782-9DCC-0A5BC025F235}.Debug|Any CPU.ActiveCfg = Debug|Any CPU
		{232F840E-6C48-4782-9DCC-0A5BC025F235}.Debug|Any CPU.Build.0 = Debug|Any CPU
		{232F840E-6C48-4782-9DCC-0A5BC025F235}.Release|Any CPU.ActiveCfg = Release|Any CPU
		{232F840E-6C48-4782-9DCC-0A5BC025F235}.Release|Any CPU.Build.0 = Release|Any CPU
	EndGlobalSection
	GlobalSection(SolutionProperties) = preSolution
		HideSolutionNode = FALSE
	EndGlobalSection
	GlobalSection(ExtensibilityGlobals) = postSolution
		SolutionGuid = {F1FC17D4-2EF0-4A6F-A722-C77B6DAEB335}
	EndGlobalSection
EndGlobal
